
Microsoft Visual Studio Solution File, Format Version 11.00
# Visual Studio 2010
Project("{FAE04EC0-301F-11D3-BF4B-00C04F79EFBC}") = "Two Server", "Two Server\Two Server.csproj", "{DB36AB15-97D8-4256-A3D2-82206C3CA56D}"
EndProject
Project("{2150E333-8FDC-42A3-9474-1A3956D46DE8}") = "Solution Items", "Solution Items", "{7FBE5895-22E7-4F2C-BE3D-B5D0DC085D58}"
	ProjectSection(SolutionItems) = preProject
		Local.testsettings = Local.testsettings
		TraceAndTestImpact.testsettings = TraceAndTestImpact.testsettings
		Two Server.vsmdi = Two Server.vsmdi
	EndProjectSection
EndProject
Global
	GlobalSection(TestCaseManagementSettings) = postSolution
		CategoryFile = Two Server.vsmdi
	EndGlobalSection
	GlobalSection(SolutionConfigurationPlatforms) = preSolution
		Debug|Any CPU = Debug|Any CPU
		Debug|Mixed Platforms = Debug|Mixed Platforms
		Debug|x86 = Debug|x86
		Release|Any CPU = Release|Any CPU
		Release|Mixed Platforms = Release|Mixed Platforms
		Release|x86 = Release|x86
	EndGlobalSection
	GlobalSection(ProjectConfigurationPlatforms) = postSolution
		{DB36AB15-97D8-4256-A3D2-82206C3CA56D}.Debug|Any CPU.ActiveCfg = Debug|x86
		{DB36AB15-97D8-4256-A3D2-82206C3CA56D}.Debug|Mixed Platforms.ActiveCfg = Debug|x86
		{DB36AB15-97D8-4256-A3D2-82206C3CA56D}.Debug|Mixed Platforms.Build.0 = Debug|x86
		{DB36AB15-97D8-4256-A3D2-82206C3CA56D}.Debug|x86.ActiveCfg = Debug|x86
		{DB36AB15-97D8-4256-A3D2-82206C3CA56D}.Debug|x86.Build.0 = Debug|x86
		{DB36AB15-97D8-4256-A3D2-82206C3CA56D}.Release|Any CPU.ActiveCfg = Release|x86
		{DB36AB15-97D8-4256-A3D2-82206C3CA56D}.Release|Mixed Platforms.ActiveCfg = Release|x86
		{DB36AB15-97D8-4256-A3D2-82206C3CA56D}.Release|Mixed Platforms.Build.0 = Release|x86
		{DB36AB15-97D8-4256-A3D2-82206C3CA56D}.Release|x86.ActiveCfg = Release|x86
		{DB36AB15-97D8-4256-A3D2-82206C3CA56D}.Release|x86.Build.0 = Release|x86
	EndGlobalSection
	GlobalSection(SolutionProperties) = preSolution
		HideSolutionNode = FALSE
	EndGlobalSection
EndGlobal
